
Microsoft Visual Studio Solution File, Format Version 12.00
# Visual Studio Version 17
VisualStudioVersion = 17.14.36310.24
MinimumVisualStudioVersion = 10.0.40219.1
Project("{F184B08F-C81C-45F6-A57F-5ABD9991F28F}") = "BuildersPSE2", "BuildersPSE2.vbproj", "{0BA89276-7601-4725-965B-A2BFCF0AABD0}"
EndProject
Project("{54435603-DBB4-11D2-8724-00A0C9A8B90C}") = "Setup1", "..\Setup1\Setup1.vdproj", "{82A23954-A0D5-E4C3-5500-861FACC02964}"
EndProject
Global
	GlobalSection(SolutionConfigurationPlatforms) = preSolution
		Debug|Any CPU = Debug|Any CPU
		Release|Any CPU = Release|Any CPU
	EndGlobalSection
	GlobalSection(ProjectConfigurationPlatforms) = postSolution
		{0BA89276-7601-4725-965B-A2BFCF0AABD0}.Debug|Any CPU.ActiveCfg = Debug|Any CPU
		{0BA89276-7601-4725-965B-A2BFCF0AABD0}.Debug|Any CPU.Build.0 = Debug|Any CPU
		{0BA89276-7601-4725-965B-A2BFCF0AABD0}.Release|Any CPU.ActiveCfg = Release|Any CPU
		{0BA89276-7601-4725-965B-A2BFCF0AABD0}.Release|Any CPU.Build.0 = Release|Any CPU
		{82A23954-A0D5-E4C3-5500-861FACC02964}.Debug|Any CPU.ActiveCfg = Debug
		{82A23954-A0D5-E4C3-5500-861FACC02964}.Release|Any CPU.ActiveCfg = Release
	EndGlobalSection
	GlobalSection(SolutionProperties) = preSolution
		HideSolutionNode = FALSE
	EndGlobalSection
	GlobalSection(ExtensibilityGlobals) = postSolution
		SolutionGuid = {5BF66FBE-5194-4A38-A646-A1FC4C9E74FA}
	EndGlobalSection
EndGlobal
